
Microsoft Visual Studio Solution File, Format Version 12.00
# Visual Studio Version 16
VisualStudioVersion = 16.0.31515.178
MinimumVisualStudioVersion = 10.0.40219.1
Project("{9A19103F-16F7-4668-BE54-9A1E7A4F7556}") = "Blasor_Serv", "Blasor_Serv\Blasor_Serv.csproj", "{AA5DDC5D-63D4-474E-8DF2-F205E1463912}"
EndProject
Project("{2150E333-8FDC-42A3-9474-1A3956D46DE8}") = "Solution Items", "Solution Items", "{CA72294A-6020-48A9-8AAE-8BAD5A4131FD}"
	ProjectSection(SolutionItems) = preProject
		readme1.md = readme1.md
	EndProjectSection
EndProject
Project("{9A19103F-16F7-4668-BE54-9A1E7A4F7556}") = "Blazor_WASM", "Blazor_WASM\Blazor_WASM.csproj", "{EB805198-97CF-4327-8911-C97B7F183C6B}"
EndProject
Project("{9A19103F-16F7-4668-BE54-9A1E7A4F7556}") = "Core_API", "..\..\DxcJuly2021New\Core_API\Core_API.csproj", "{CDCD5E1D-97FB-461A-8205-9C064BC6D86B}"
EndProject
Project("{FAE04EC0-301F-11D3-BF4B-00C04F79EFBC}") = "SharedLib", "SharedLib\SharedLib.csproj", "{9E8F4078-512B-4CDE-97D8-6BCEDBB9D1B8}"
EndProject
Global
	GlobalSection(SolutionConfigurationPlatforms) = preSolution
		Debug|Any CPU = Debug|Any CPU
		Release|Any CPU = Release|Any CPU
	EndGlobalSection
	GlobalSection(ProjectConfigurationPlatforms) = postSolution
		{AA5DDC5D-63D4-474E-8DF2-F205E1463912}.Debug|Any CPU.ActiveCfg = Debug|Any CPU
		{AA5DDC5D-63D4-474E-8DF2-F205E1463912}.Debug|Any CPU.Build.0 = Debug|Any CPU
		{AA5DDC5D-63D4-474E-8DF2-F205E1463912}.Release|Any CPU.ActiveCfg = Release|Any CPU
		{AA5DDC5D-63D4-474E-8DF2-F205E1463912}.Release|Any CPU.Build.0 = Release|Any CPU
		{EB805198-97CF-4327-8911-C97B7F183C6B}.Debug|Any CPU.ActiveCfg = Debug|Any CPU
		{EB805198-97CF-4327-8911-C97B7F183C6B}.Debug|Any CPU.Build.0 = Debug|Any CPU
		{EB805198-97CF-4327-8911-C97B7F183C6B}.Release|Any CPU.ActiveCfg = Release|Any CPU
		{EB805198-97CF-4327-8911-C97B7F183C6B}.Release|Any CPU.Build.0 = Release|Any CPU
		{CDCD5E1D-97FB-461A-8205-9C064BC6D86B}.Debug|Any CPU.ActiveCfg = Debug|Any CPU
		{CDCD5E1D-97FB-461A-8205-9C064BC6D86B}.Debug|Any CPU.Build.0 = Debug|Any CPU
		{CDCD5E1D-97FB-461A-8205-9C064BC6D86B}.Release|Any CPU.ActiveCfg = Release|Any CPU
		{CDCD5E1D-97FB-461A-8205-9C064BC6D86B}.Release|Any CPU.Build.0 = Release|Any CPU
		{9E8F4078-512B-4CDE-97D8-6BCEDBB9D1B8}.Debug|Any CPU.ActiveCfg = Debug|Any CPU
		{9E8F4078-512B-4CDE-97D8-6BCEDBB9D1B8}.Debug|Any CPU.Build.0 = Debug|Any CPU
		{9E8F4078-512B-4CDE-97D8-6BCEDBB9D1B8}.Release|Any CPU.ActiveCfg = Release|Any CPU
		{9E8F4078-512B-4CDE-97D8-6BCEDBB9D1B8}.Release|Any CPU.Build.0 = Release|Any CPU
	EndGlobalSection
	GlobalSection(SolutionProperties) = preSolution
		HideSolutionNode = FALSE
	EndGlobalSection
	GlobalSection(ExtensibilityGlobals) = postSolution
		SolutionGuid = {2BFBA2F0-BDB4-430F-B32C-C30460BBC555}
	EndGlobalSection
EndGlobal
